PODS:
  - FBSnapshotTestCase (2.1.4):
    - FBSnapshotTestCase/SwiftSupport (= 2.1.4)
  - FBSnapshotTestCase/Core (2.1.4)
  - FBSnapshotTestCase/SwiftSupport (2.1.4):
    - FBSnapshotTestCase/Core
  - Kiwi (3.0.0)
  - ShunLianLib (0.1.0)

DEPENDENCIES:
  - FBSnapshotTestCase
  - Kiwi
  - ShunLianLib (from `../`)

SPEC REPOS:
  trunk:
    - FBSnapshotTestCase
    - Kiwi

EXTERNAL SOURCES:
  ShunLianLib:
    :path: "../"

SPEC CHECKSUMS:
  FBSnapshotTestCase: 094f9f314decbabe373b87cc339bea235a63e07a
  Kiwi: fbeafef0f00e4d8f7dcb3420a4930afe70af77f7
  ShunLianLib: 0f8c05391a85873d7b5abf375174d0bdb5fec6f2

PODFILE CHECKSUM: 985b8f08e0516dc2ae25b053dab53d4268f61279

COCOAPODS: 1.9.1
